// !$*UTF8*$!
{
	archiveVersion = 1;
	classes = {
	};
	objectVersion = 46;
	objects = {

/* Begin PBXBuildFile section */
		CEA06CB61D2859EF006D6A37 /* AppDelegate.swift in Sources */ = {isa = PBXBuildFile; fileRef = CEA06CB51D2859EF006D6A37 /* AppDelegate.swift */; };
		CEA06CB81D2859EF006D6A37 /* ViewController.swift in Sources */ = {isa = PBXBuildFile; fileRef = CEA06CB71D2859EF006D6A37 /* ViewController.swift */; };
		CEA06CBB1D2859EF006D6A37 /* Main.storyboard in Resources */ = {isa = PBXBuildFile; fileRef = CEA06CB91D2859EF006D6A37 /* Main.storyboard */; };
		CEA06CBD1D2859EF006D6A37 /* Assets.xcassets in Resources */ = {isa = PBXBuildFile; fileRef = CEA06CBC1D2859EF006D6A37 /* Assets.xcassets */; };
		CEA06CC01D2859EF006D6A37 /* LaunchScreen.storyboard in Resources */ = {isa = PBXBuildFile; fileRef = CEA06CBE1D2859EF006D6A37 /* LaunchScreen.storyboard */; };
		CEA06CC81D285A24006D6A37 /* Datos.swift in Sources */ = {isa = PBXBuildFile; fileRef = CEA06CC71D285A24006D6A37 /* Datos.swift */; };
		CEA06CCA1D287834006D6A37 /* Colores.swift in Sources */ = {isa = PBXBuildFile; fileRef = CEA06CC91D287834006D6A37 /* Colores.swift */; };
/* End PBXBuildFile section */

/* Begin PBXFileReference section */
		CEA06CB21D2859EF006D6A37 /* Hamburguesas.app */ = {isa = PBXFileReference; explicitFileType = wrapper.application; includeInIndex = 0; path = Hamburguesas.app; sourceTree = BUILT_PRODUCTS_DIR; };
		CEA06CB51D2859EF006D6A37 /* AppDelegate.swift */ = {isa = PBXFileReference; lastKnownFileType = sourcecode.swift; path = AppDelegate.swift; sourceTree = "<group>"; };
		CEA06CB71D2859EF006D6A37 /* ViewController.swift */ = {isa = PBXFileReference; lastKnownFileType = sourcecode.swift; path = ViewController.swift; sourceTree = "<group>"; };
		CEA06CBA1D2859EF006D6A37 /* Base */ = {isa = PBXFileReference; lastKnownFileType = file.storyboard; name = Base; path = Base.lproj/Main.storyboard; sourceTree = "<group>"; };
		CEA06CBC1D2859EF006D6A37 /* Assets.xcassets */ = {isa = PBXFileReference; lastKnownFileType = folder.assetcatalog; path = Assets.xcassets; sourceTree = "<group>"; };
		CEA06CBF1D2859EF006D6A37 /* Base */ = {isa = PBXFileReference; lastKnownFileType = file.storyboard; name = Base; path = Base.lproj/LaunchScreen.storyboard; sourceTree = "<group>"; };
		CEA06CC11D2859EF006D6A37 /* Info.plist */ = {isa = PBXFileReference; lastKnownFileType = text.plist.xml; path = Info.plist; sourceTree = "<group>"; };
		CEA06CC71D285A24006D6A37 /* Datos.swift */ = {isa = PBXFileReference; fileEncoding = 4; lastKnownFileType = sourcecode.swift; name = Datos.swift; path = ../Datos.swift; sourceTree = "<group>"; };
		CEA06CC91D287834006D6A37 /* Colores.swift */ = {isa = PBXFileReference; fileEncoding = 4; lastKnownFileType = sourcecode.swift; path = Colores.swift; sourceTree = "<group>"; };
/* End PBXFileReference section */

/* Begin PBXFrameworksBuildPhase section */
		CEA06CAF1D2859EF006D6A37 /* Frameworks */ = {
			isa = PBXFrameworksBuildPhase;
			buildActionMask = 2147483647;
			files = (
			);
			runOnlyForDeploymentPostprocessing = 0;
		};
/* End PBXFrameworksBuildPhase section */

/* Begin PBXGroup section */
		CEA06CA91D2859EF006D6A37 = {
			isa = PBXGroup;
			children = (
				CEA06CB41D2859EF006D6A37 /* Hamburguesas */,
				CEA06CB31D2859EF006D6A37 /* Products */,
			);
			sourceTree = "<group>";
		};
		CEA06CB31D2859EF006D6A37 /* Products */ = {
			isa = PBXGroup;
			children = (
				CEA06CB21D2859EF006D6A37 /* Hamburguesas.app */,
			);
			name = Products;
			sourceTree = "<group>";
		};
		CEA06CB41D2859EF006D6A37 /* Hamburguesas */ = {
			isa = PBXGroup;
			children = (
				CEA06CB51D2859EF006D6A37 /* AppDelegate.swift */,
				CEA06CB71D2859EF006D6A37 /* ViewController.swift */,
				CEA06CC71D285A24006D6A37 /* Datos.swift */,
				CEA06CB91D2859EF006D6A37 /* Main.storyboard */,
				CEA06CBC1D2859EF006D6A37 /* Assets.xcassets */,
				CEA06CBE1D2859EF006D6A37 /* LaunchScreen.storyboard */,
				CEA06CC11D2859EF006D6A37 /* Info.plist */,
				CEA06CC91D287834006D6A37 /* Colores.swift */,
			);
			path = Hamburguesas;
			sourceTree = "<group>";
		};
/* End PBXGroup section */

/* Begin PBXNativeTarget section */
		CEA06CB11D2859EF006D6A37 /* Hamburguesas */ = {
			isa = PBXNativeTarget;
			buildConfigurationList = CEA06CC41D2859EF006D6A37 /* Build configuration list for PBXNativeTarget "Hamburguesas" */;
			buildPhases = (
				CEA06CAE1D2859EF006D6A37 /* Sources */,
				CEA06CAF1D2859EF006D6A37 /* Frameworks */,
				CEA06CB01D2859EF006D6A37 /* Resources */,
			);
			buildRules = (
			);
			dependencies = (
			);
			name = Hamburguesas;
			productName = Hamburguesas;
			productReference = CEA06CB21D2859EF006D6A37 /* Hamburguesas.app */;
			productType = "com.apple.product-type.application";
		};
/* End PBXNativeTarget section */

/* Begin PBXProject section */
		CEA06CAA1D2859EF006D6A37 /* Project object */ = {
			isa = PBXProject;
			attributes = {
				LastSwiftUpdateCheck = 0730;
				LastUpgradeCheck = 0730;
				ORGANIZATIONNAME = RyM;
				TargetAttributes = {
					CEA06CB11D2859EF006D6A37 = {
						CreatedOnToolsVersion = 7.3.1;
					};
				};
			};
			buildConfigurationList = CEA06CAD1D2859EF006D6A37 /* Build configuration list for PBXProject "Hamburguesas" */;
			compatibilityVersion = "Xcode 3.2";
			developmentRegion = English;
			hasScannedForEncodings = 0;
			knownRegions = (
				en,
				Base,
			);
			mainGroup = CEA06CA91D2859EF006D6A37;
			productRefGroup = CEA06CB31D2859EF006D6A37 /* Products */;
			projectDirPath = "";
			projectRoot = "";
			targets = (
				CEA06CB11D2859EF006D6A37 /* Hamburguesas */,
			);
		};
/* End PBXProject section */

/* Begin PBXResourcesBuildPhase section */
		CEA06CB01D2859EF006D6A37 /* Resources */ = {
			isa = PBXResourcesBuildPhase;
			buildActionMask = 2147483647;
			files = (
				CEA06CC01D2859EF006D6A37 /* LaunchScreen.storyboard in Resources */,
				CEA06CBD1D2859EF006D6A37 /* Assets.xcassets in Resources */,
				CEA06CBB1D2859EF006D6A37 /* Main.storyboard in Resources */,
			);
			runOnlyForDeploymentPostprocessing = 0;
		};
/* End PBXResourcesBuildPhase section */

/* Begin PBXSourcesBuildPhase section */
		CEA06CAE1D2859EF006D6A37 /* Sources */ = {
			isa = PBXSourcesBuildPhase;
			buildActionMask = 2147483647;
			files = (
				CEA06CB81D2859EF006D6A37 /* ViewController.swift in Sources */,
				CEA06CB61D2859EF006D6A37 /* AppDelegate.swift in Sources */,
				CEA06CC81D285A24006D6A37 /* Datos.swift in Sources */,
				CEA06CCA1D287834006D6A37 /* Colores.swift in Sources */,
			);
			runOnlyForDeploymentPostprocessing = 0;
		};
/* End PBXSourcesBuildPhase section */

/* Begin PBXVariantGroup section */
		CEA06CB91D2859EF006D6A37 /* Main.storyboard */ = {
			isa = PBXVariantGroup;
			children = (
				CEA06CBA1D2859EF006D6A37 /* Base */,
			);
			name = Main.storyboard;
			sourceTree = "<group>";
		};
		CEA06CBE1D2859EF006D6A37 /* LaunchScreen.storyboard */ = {
			isa = PBXVariantGroup;
			children = (
				CEA06CBF1D2859EF006D6A37 /* Base */,
			);
			name = LaunchScreen.storyboard;
			sourceTree = "<group>";
		};
/* End PBXVariantGroup section */

/* Begin XCBuildConfiguration section */
		CEA06CC21D2859EF006D6A37 /* Debug */ = {
			isa = XCBuildConfiguration;
			buildSettings = {
				ALWAYS_SEARCH_USER_PATHS = NO;
				CLANG_ANALYZER_NONNULL = YES;
				CLANG_CXX_LANGUAGE_STANDARD = "gnu++0x";
				CLANG_CXX_LIBRARY = "libc++";
				CLANG_ENABLE_MODULES = YES;
				CLANG_ENABLE_OBJC_ARC = YES;
				CLANG_WARN_BOOL_CONVERSION = YES;
				CLANG_WARN_CONSTANT_CONVERSION = YES;
				CLANG_WARN_DIRECT_OBJC_ISA_USAGE = YES_ERROR;
				CLANG_WARN_EMPTY_BODY = YES;
				CLANG_WARN_ENUM_CONVERSION = YES;
				CLANG_WARN_INT_CONVERSION = YES;
				CLANG_WARN_OBJC_ROOT_CLASS = YES_ERROR;
				CLANG_WARN_UNREACHABLE_CODE = YES;
				CLANG_WARN__DUPLICATE_METHOD_MATCH = YES;
				"CODE_SIGN_IDENTITY[sdk=iphoneos*]" = "iPhone Developer";
				COPY_PHASE_STRIP = NO;
				DEBUG_INFORMATION_FORMAT = dwarf;
				ENABLE_STRICT_OBJC_MSGSEND = YES;
				ENABLE_TESTABILITY = YES;
				GCC_C_LANGUAGE_STANDARD = gnu99;
				GCC_DYNAMIC_NO_PIC = NO;
				GCC_NO_COMMON_BLOCKS = YES;
				GCC_OPTIMIZATION_LEVEL = 0;
				GCC_PREPROCESSOR_DEFINITIONS = (
					"DEBUG=1",
					"$(inherited)",
				);
				GCC_WARN_64_TO_32_BIT_CONVERSION = YES;
				GCC_WARN_ABOUT_RETURN_TYPE = YES_ERROR;
				GCC_WARN_UNDECLARED_SELECTOR = YES;
				GCC_WARN_UNINITIALIZED_AUTOS = YES_AGGRESSIVE;
				GCC_WARN_UNUSED_FUNCTION = YES;
				GCC_WARN_UNUSED_VARIABLE = YES;
				IPHONEOS_DEPLOYMENT_TARGET = 9.3;
				MTL_ENABLE_DEBUG_INFO = YES;
				ONLY_ACTIVE_ARCH = YES;
				SDKROOT = iphoneos;
				SWIFT_OPTIMIZATION_LEVEL = "-Onone";
				TARGETED_DEVICE_FAMILY = "1,2";
			};
			name = Debug;
		};
		CEA06CC31D2859EF006D6A37 /* Release */ = {
			isa = XCBuildConfiguration;
			buildSettings = {
				ALWAYS_SEARCH_USER_PATHS = NO;
				CLANG_ANALYZER_NONNULL = YES;
				CLANG_CXX_LANGUAGE_STANDARD = "gnu++0x";
				CLANG_CXX_LIBRARY = "libc++";
				CLANG_ENABLE_MODULES = YES;
				CLANG_ENABLE_OBJC_ARC = YES;
				CLANG_WARN_BOOL_CONVERSION = YES;
				CLANG_WARN_CONSTANT_CONVERSION = YES;
				CLANG_WARN_DIRECT_OBJC_ISA_USAGE = YES_ERROR;
				CLANG_WARN_EMPTY_BODY = YES;
				CLANG_WARN_ENUM_CONVERSION = YES;
				CLANG_WARN_INT_CONVERSION = YES;
				CLANG_WARN_OBJC_ROOT_CLASS = YES_ERROR;
				CLANG_WARN_UNREACHABLE_CODE = YES;
				CLANG_WARN__DUPLICATE_METHOD_MATCH = YES;
				"CODE_SIGN_IDENTITY[sdk=iphoneos*]" = "iPhone Developer";
				COPY_PHASE_STRIP = NO;
				DEBUG_INFORMATION_FORMAT = "dwarf-with-dsym";
				ENABLE_NS_ASSERTIONS = NO;
				ENABLE_STRICT_OBJC_MSGSEND = YES;
				GCC_C_LANGUAGE_STANDARD = gnu99;
				GCC_NO_COMMON_BLOCKS = YES;
				GCC_WARN_64_TO_32_BIT_CONVERSION = YES;
				GCC_WARN_ABOUT_RETURN_TYPE = YES_ERROR;
				GCC_WARN_UNDECLARED_SELECTOR = YES;
				GCC_WARN_UNINITIALIZED_AUTOS = YES_AGGRESSIVE;
				GCC_WARN_UNUSED_FUNCTION = YES;
				GCC_WARN_UNUSED_VARIABLE = YES;
				IPHONEOS_DEPLOYMENT_TARGET = 9.3;
				MTL_ENABLE_DEBUG_INFO = NO;
				SDKROOT = iphoneos;
				TARGETED_DEVICE_FAMILY = "1,2";
				VALIDATE_PRODUCT = YES;
			};
			name = Release;
		};
		CEA06CC51D2859EF006D6A37 /* Debug */ = {
			isa = XCBuildConfiguration;
			buildSettings = {
				ASSETCATALOG_COMPILER_APPICON_NAME = AppIcon;
				INFOPLIST_FILE = Hamburguesas/Info.plist;
				LD_RUNPATH_SEARCH_PATHS = "$(inherited) @executable_path/Frameworks";
				PRODUCT_BUNDLE_IDENTIFIER = com.rikimartin.Hamburguesas;
				PRODUCT_NAME = "$(TARGET_NAME)";
			};
			name = Debug;
		};
		CEA06CC61D2859EF006D6A37 /* Release */ = {
			isa = XCBuildConfiguration;
			buildSettings = {
				ASSETCATALOG_COMPILER_APPICON_NAME = AppIcon;
				INFOPLIST_FILE = Hamburguesas/Info.plist;
				LD_RUNPATH_SEARCH_PATHS = "$(inherited) @executable_path/Frameworks";
				PRODUCT_BUNDLE_IDENTIFIER = com.rikimartin.Hamburguesas;
				PRODUCT_NAME = "$(TARGET_NAME)";
			};
			name = Release;
		};
/* End XCBuildConfiguration section */

/* Begin XCConfigurationList section */
		CEA06CAD1D2859EF006D6A37 /* Build configuration list for PBXProject "Hamburguesas" */ = {
			isa = XCConfigurationList;
			buildConfigurations = (
				CEA06CC21D2859EF006D6A37 /* Debug */,
				CEA06CC31D2859EF006D6A37 /* Release */,
			);
			defaultConfigurationIsVisible = 0;
			defaultConfigurationName = Release;
		};
		CEA06CC41D2859EF006D6A37 /* Build configuration list for PBXNativeTarget "Hamburguesas" */ = {
			isa = XCConfigurationList;
			buildConfigurations = (
				CEA06CC51D2859EF006D6A37 /* Debug */,
				CEA06CC61D2859EF006D6A37 /* Release */,
			);
			defaultConfigurationIsVisible = 0;
		};
/* End XCConfigurationList section */
	};
	rootObject = CEA06CAA1D2859EF006D6A37 /* Project object */;
}
